
Microsoft Visual Studio Solution File, Format Version 12.00
# Visual Studio Version 16
VisualStudioVersion = 16.0.31613.86
MinimumVisualStudioVersion = 10.0.40219.1
Project("{2150E333-8FDC-42A3-9474-1A3956D46DE8}") = "01.Dr.WebAPI", "01.Dr.WebAPI", "{2FAB6A2D-2A1E-4E6E-9FFF-9C4A32D5D459}"
EndProject
Project("{2150E333-8FDC-42A3-9474-1A3956D46DE8}") = "02.CL_Manager", "02.CL_Manager", "{2DE6137D-A110-413C-834C-F0391973143F}"
EndProject
Project("{2150E333-8FDC-42A3-9474-1A3956D46DE8}") = "03.CL_Data", "03.CL_Data", "{A6D0406C-69F1-4731-8B24-73A5287E4EAB}"
EndProject
Project("{2150E333-8FDC-42A3-9474-1A3956D46DE8}") = "04.CL.Core", "04.CL.Core", "{63F1454B-F1D3-4635-9C1D-9BE0D96759E9}"
EndProject
Project("{2150E333-8FDC-42A3-9474-1A3956D46DE8}") = "05.CL.Tests", "05.CL.Tests", "{1824885A-7465-4030-BC03-FB701C8F38F7}"
EndProject
Project("{FAE04EC0-301F-11D3-BF4B-00C04F79EFBC}") = "CL.Manager", "CL.Manager\CL.Manager.csproj", "{B17BA674-8676-44A9-9B8C-B883347999AB}"
EndProject
Project("{FAE04EC0-301F-11D3-BF4B-00C04F79EFBC}") = "CL.Data", "CL.Data\CL.Data.csproj", "{A9C21A98-AE33-4933-A06B-B1B17DAD4BDB}"
EndProject
Project("{FAE04EC0-301F-11D3-BF4B-00C04F79EFBC}") = "CL.Core", "CL.Core\CL.Core.csproj", "{E721C9E4-CD0A-4B71-88A2-4FA07424076F}"
EndProject
Project("{FAE04EC0-301F-11D3-BF4B-00C04F79EFBC}") = "CL.Tests", "CL.Tests\CL.Tests.csproj", "{9832DDC6-76DC-4820-8C18-C486DF5B8154}"
EndProject
Project("{FAE04EC0-301F-11D3-BF4B-00C04F79EFBC}") = "CL.WebAPI", "CL.WebAPI\CL.WebAPI.csproj", "{7E514AD5-77A1-4AA2-8D7C-715ECA0A133F}"
EndProject
Global
	GlobalSection(SolutionConfigurationPlatforms) = preSolution
		Debug|Any CPU = Debug|Any CPU
		Release|Any CPU = Release|Any CPU
	EndGlobalSection
	GlobalSection(ProjectConfigurationPlatforms) = postSolution
		{B17BA674-8676-44A9-9B8C-B883347999AB}.Debug|Any CPU.ActiveCfg = Debug|Any CPU
		{B17BA674-8676-44A9-9B8C-B883347999AB}.Debug|Any CPU.Build.0 = Debug|Any CPU
		{B17BA674-8676-44A9-9B8C-B883347999AB}.Release|Any CPU.ActiveCfg = Release|Any CPU
		{B17BA674-8676-44A9-9B8C-B883347999AB}.Release|Any CPU.Build.0 = Release|Any CPU
		{A9C21A98-AE33-4933-A06B-B1B17DAD4BDB}.Debug|Any CPU.ActiveCfg = Debug|Any CPU
		{A9C21A98-AE33-4933-A06B-B1B17DAD4BDB}.Debug|Any CPU.Build.0 = Debug|Any CPU
		{A9C21A98-AE33-4933-A06B-B1B17DAD4BDB}.Release|Any CPU.ActiveCfg = Release|Any CPU
		{A9C21A98-AE33-4933-A06B-B1B17DAD4BDB}.Release|Any CPU.Build.0 = Release|Any CPU
		{E721C9E4-CD0A-4B71-88A2-4FA07424076F}.Debug|Any CPU.ActiveCfg = Debug|Any CPU
		{E721C9E4-CD0A-4B71-88A2-4FA07424076F}.Debug|Any CPU.Build.0 = Debug|Any CPU
		{E721C9E4-CD0A-4B71-88A2-4FA07424076F}.Release|Any CPU.ActiveCfg = Release|Any CPU
		{E721C9E4-CD0A-4B71-88A2-4FA07424076F}.Release|Any CPU.Build.0 = Release|Any CPU
		{9832DDC6-76DC-4820-8C18-C486DF5B8154}.Debug|Any CPU.ActiveCfg = Debug|Any CPU
		{9832DDC6-76DC-4820-8C18-C486DF5B8154}.Debug|Any CPU.Build.0 = Debug|Any CPU
		{9832DDC6-76DC-4820-8C18-C486DF5B8154}.Release|Any CPU.ActiveCfg = Release|Any CPU
		{9832DDC6-76DC-4820-8C18-C486DF5B8154}.Release|Any CPU.Build.0 = Release|Any CPU
		{7E514AD5-77A1-4AA2-8D7C-715ECA0A133F}.Debug|Any CPU.ActiveCfg = Debug|Any CPU
		{7E514AD5-77A1-4AA2-8D7C-715ECA0A133F}.Debug|Any CPU.Build.0 = Debug|Any CPU
		{7E514AD5-77A1-4AA2-8D7C-715ECA0A133F}.Release|Any CPU.ActiveCfg = Release|Any CPU
		{7E514AD5-77A1-4AA2-8D7C-715ECA0A133F}.Release|Any CPU.Build.0 = Release|Any CPU
	EndGlobalSection
	GlobalSection(SolutionProperties) = preSolution
		HideSolutionNode = FALSE
	EndGlobalSection
	GlobalSection(NestedProjects) = preSolution
		{B17BA674-8676-44A9-9B8C-B883347999AB} = {2DE6137D-A110-413C-834C-F0391973143F}
		{A9C21A98-AE33-4933-A06B-B1B17DAD4BDB} = {A6D0406C-69F1-4731-8B24-73A5287E4EAB}
		{E721C9E4-CD0A-4B71-88A2-4FA07424076F} = {63F1454B-F1D3-4635-9C1D-9BE0D96759E9}
		{9832DDC6-76DC-4820-8C18-C486DF5B8154} = {1824885A-7465-4030-BC03-FB701C8F38F7}
		{7E514AD5-77A1-4AA2-8D7C-715ECA0A133F} = {2FAB6A2D-2A1E-4E6E-9FFF-9C4A32D5D459}
	EndGlobalSection
	GlobalSection(ExtensibilityGlobals) = postSolution
		SolutionGuid = {15B413C5-912F-425A-A2B0-2E74F2AE2409}
	EndGlobalSection
EndGlobal
